
Microsoft Visual Studio Solution File, Format Version 12.00
# Visual Studio Version 16
VisualStudioVersion = 16.0.32602.291
MinimumVisualStudioVersion = 10.0.40219.1
Project("{FAE04EC0-301F-11D3-BF4B-00C04F79EFBC}") = "FileSystem_Upload", "FileSystem_Upload.csproj", "{892641D5-6E86-40C1-BD40-19AF9CF7FB04}"
EndProject
Global
	GlobalSection(SolutionConfigurationPlatforms) = preSolution
		Debug|Any CPU = Debug|Any CPU
		Release|Any CPU = Release|Any CPU
	EndGlobalSection
	GlobalSection(ProjectConfigurationPlatforms) = postSolution
		{892641D5-6E86-40C1-BD40-19AF9CF7FB04}.Debug|Any CPU.ActiveCfg = Debug|Any CPU
		{892641D5-6E86-40C1-BD40-19AF9CF7FB04}.Debug|Any CPU.Build.0 = Debug|Any CPU
		{892641D5-6E86-40C1-BD40-19AF9CF7FB04}.Release|Any CPU.ActiveCfg = Release|Any CPU
		{892641D5-6E86-40C1-BD40-19AF9CF7FB04}.Release|Any CPU.Build.0 = Release|Any CPU
	EndGlobalSection
	GlobalSection(SolutionProperties) = preSolution
		HideSolutionNode = FALSE
	EndGlobalSection
	GlobalSection(ExtensibilityGlobals) = postSolution
		SolutionGuid = {FFA7512E-2CB8-4CBE-B67A-98F7DB2F3DF0}
	EndGlobalSection
EndGlobal
