
Microsoft Visual Studio Solution File, Format Version 12.00
# Visual Studio Version 16
VisualStudioVersion = 16.0.32602.291
MinimumVisualStudioVersion = 10.0.40219.1
Project("{FAE04EC0-301F-11D3-BF4B-00C04F79EFBC}") = "MVCLayoutTest", "MVCLayoutTest.csproj", "{43BFFF83-3C64-4DCD-A7E4-7E71EFAE46D0}"
EndProject
Global
	GlobalSection(SolutionConfigurationPlatforms) = preSolution
		Debug|Any CPU = Debug|Any CPU
		Release|Any CPU = Release|Any CPU
	EndGlobalSection
	GlobalSection(ProjectConfigurationPlatforms) = postSolution
		{43BFFF83-3C64-4DCD-A7E4-7E71EFAE46D0}.Debug|Any CPU.ActiveCfg = Debug|Any CPU
		{43BFFF83-3C64-4DCD-A7E4-7E71EFAE46D0}.Debug|Any CPU.Build.0 = Debug|Any CPU
		{43BFFF83-3C64-4DCD-A7E4-7E71EFAE46D0}.Release|Any CPU.ActiveCfg = Release|Any CPU
		{43BFFF83-3C64-4DCD-A7E4-7E71EFAE46D0}.Release|Any CPU.Build.0 = Release|Any CPU
	EndGlobalSection
	GlobalSection(SolutionProperties) = preSolution
		HideSolutionNode = FALSE
	EndGlobalSection
	GlobalSection(ExtensibilityGlobals) = postSolution
		SolutionGuid = {4319D7A2-2F53-4B5C-A334-0BC97B677961}
	EndGlobalSection
EndGlobal
